
Microsoft Visual Studio Solution File, Format Version 10.00
# Visual Studio 2008
Project("{8BC9CEB8-8B4A-11D0-8D11-00A0C91BC942}") = "ConverIntoBinary", "ConverIntoBinary\ConverIntoBinary.vcproj", "{9B17773C-5207-4BAA-B83B-A9D58712C703}"
EndProject
Global
	GlobalSection(SolutionConfigurationPlatforms) = preSolution
		Debug|Win32 = Debug|Win32
		Release|Win32 = Release|Win32
	EndGlobalSection
	GlobalSection(ProjectConfigurationPlatforms) = postSolution
		{9B17773C-5207-4BAA-B83B-A9D58712C703}.Debug|Win32.ActiveCfg = Debug|Win32
		{9B17773C-5207-4BAA-B83B-A9D58712C703}.Debug|Win32.Build.0 = Debug|Win32
		{9B17773C-5207-4BAA-B83B-A9D58712C703}.Release|Win32.ActiveCfg = Release|Win32
		{9B17773C-5207-4BAA-B83B-A9D58712C703}.Release|Win32.Build.0 = Release|Win32
	EndGlobalSection
	GlobalSection(SolutionProperties) = preSolution
		HideSolutionNode = FALSE
	EndGlobalSection
EndGlobal
