
Microsoft Visual Studio Solution File, Format Version 10.00
# Visual Studio 2008
Project("{8BC9CEB8-8B4A-11D0-8D11-00A0C91BC942}") = "DoWhileForLoopss", "DoWhileForLoopss\DoWhileForLoopss.vcproj", "{36B243A3-5D1F-425D-B482-6CE3126A9AE7}"
EndProject
Global
	GlobalSection(SolutionConfigurationPlatforms) = preSolution
		Debug|Win32 = Debug|Win32
		Release|Win32 = Release|Win32
	EndGlobalSection
	GlobalSection(ProjectConfigurationPlatforms) = postSolution
		{36B243A3-5D1F-425D-B482-6CE3126A9AE7}.Debug|Win32.ActiveCfg = Debug|Win32
		{36B243A3-5D1F-425D-B482-6CE3126A9AE7}.Debug|Win32.Build.0 = Debug|Win32
		{36B243A3-5D1F-425D-B482-6CE3126A9AE7}.Release|Win32.ActiveCfg = Release|Win32
		{36B243A3-5D1F-425D-B482-6CE3126A9AE7}.Release|Win32.Build.0 = Release|Win32
	EndGlobalSection
	GlobalSection(SolutionProperties) = preSolution
		HideSolutionNode = FALSE
	EndGlobalSection
EndGlobal
