
Microsoft Visual Studio Solution File, Format Version 12.00
# Visual Studio 15
VisualStudioVersion = 15.0.27004.2005
MinimumVisualStudioVersion = 10.0.40219.1
Project("{8BC9CEB8-8B4A-11D0-8D11-00A0C91BC942}") = "EmployeeArrayStructer", "EmployeeArrayStructer\EmployeeArrayStructer.vcxproj", "{391FCA17-A613-4F25-A12E-F99D526E387F}"
EndProject
Global
	GlobalSection(SolutionConfigurationPlatforms) = preSolution
		Debug|Win32 = Debug|Win32
		Release|Win32 = Release|Win32
	EndGlobalSection
	GlobalSection(ProjectConfigurationPlatforms) = postSolution
		{391FCA17-A613-4F25-A12E-F99D526E387F}.Debug|Win32.ActiveCfg = Debug|Win32
		{391FCA17-A613-4F25-A12E-F99D526E387F}.Debug|Win32.Build.0 = Debug|Win32
		{391FCA17-A613-4F25-A12E-F99D526E387F}.Release|Win32.ActiveCfg = Release|Win32
		{391FCA17-A613-4F25-A12E-F99D526E387F}.Release|Win32.Build.0 = Release|Win32
	EndGlobalSection
	GlobalSection(SolutionProperties) = preSolution
		HideSolutionNode = FALSE
	EndGlobalSection
	GlobalSection(ExtensibilityGlobals) = postSolution
		SolutionGuid = {F02E4A83-DD58-4AA5-B21D-C2BB494C3E13}
	EndGlobalSection
EndGlobal
