
Microsoft Visual Studio Solution File, Format Version 10.00
# Visual C++ Express 2008
Project("{8BC9CEB8-8B4A-11D0-8D11-00A0C91BC942}") = "Problem_11_Chapter_6", "Problem_11_Chapter_6.vcproj", "{69915305-459F-4CCE-8A0C-43CF103A7946}"
EndProject
Global
	GlobalSection(SolutionConfigurationPlatforms) = preSolution
		Debug|Win32 = Debug|Win32
		Release|Win32 = Release|Win32
	EndGlobalSection
	GlobalSection(ProjectConfigurationPlatforms) = postSolution
		{69915305-459F-4CCE-8A0C-43CF103A7946}.Debug|Win32.ActiveCfg = Debug|Win32
		{69915305-459F-4CCE-8A0C-43CF103A7946}.Debug|Win32.Build.0 = Debug|Win32
		{69915305-459F-4CCE-8A0C-43CF103A7946}.Release|Win32.ActiveCfg = Release|Win32
		{69915305-459F-4CCE-8A0C-43CF103A7946}.Release|Win32.Build.0 = Release|Win32
	EndGlobalSection
	GlobalSection(SolutionProperties) = preSolution
		HideSolutionNode = FALSE
	EndGlobalSection
EndGlobal
