
Microsoft Visual Studio Solution File, Format Version 10.00
# Visual Studio 2008
Project("{8BC9CEB8-8B4A-11D0-8D11-00A0C91BC942}") = "File_Usage_001", "File_Usage_001\File_Usage_001.vcproj", "{CA4B55CD-42E4-45BC-8A8D-CC20C8C0D2CD}"
EndProject
Global
	GlobalSection(SolutionConfigurationPlatforms) = preSolution
		Debug|Win32 = Debug|Win32
		Release|Win32 = Release|Win32
	EndGlobalSection
	GlobalSection(ProjectConfigurationPlatforms) = postSolution
		{CA4B55CD-42E4-45BC-8A8D-CC20C8C0D2CD}.Debug|Win32.ActiveCfg = Debug|Win32
		{CA4B55CD-42E4-45BC-8A8D-CC20C8C0D2CD}.Debug|Win32.Build.0 = Debug|Win32
		{CA4B55CD-42E4-45BC-8A8D-CC20C8C0D2CD}.Release|Win32.ActiveCfg = Release|Win32
		{CA4B55CD-42E4-45BC-8A8D-CC20C8C0D2CD}.Release|Win32.Build.0 = Release|Win32
	EndGlobalSection
	GlobalSection(SolutionProperties) = preSolution
		HideSolutionNode = FALSE
	EndGlobalSection
EndGlobal
