
Microsoft Visual Studio Solution File, Format Version 10.00
# Visual Studio 2008
Project("{8BC9CEB8-8B4A-11D0-8D11-00A0C91BC942}") = "Timer Example", "Timer Example\Timer Example.vcproj", "{9CE30130-FA9F-49A2-A482-24E19B9488AF}"
EndProject
Global
	GlobalSection(SolutionConfigurationPlatforms) = preSolution
		Debug|Win32 = Debug|Win32
		Release|Win32 = Release|Win32
	EndGlobalSection
	GlobalSection(ProjectConfigurationPlatforms) = postSolution
		{9CE30130-FA9F-49A2-A482-24E19B9488AF}.Debug|Win32.ActiveCfg = Debug|Win32
		{9CE30130-FA9F-49A2-A482-24E19B9488AF}.Debug|Win32.Build.0 = Debug|Win32
		{9CE30130-FA9F-49A2-A482-24E19B9488AF}.Release|Win32.ActiveCfg = Release|Win32
		{9CE30130-FA9F-49A2-A482-24E19B9488AF}.Release|Win32.Build.0 = Release|Win32
	EndGlobalSection
	GlobalSection(SolutionProperties) = preSolution
		HideSolutionNode = FALSE
	EndGlobalSection
EndGlobal
