
Microsoft Visual Studio Solution File, Format Version 9.00
# Visual Studio 2005
Project("{8BC9CEB8-8B4A-11D0-8D11-00A0C91BC942}") = "Problem_10_Chapter_10", "Problem_10_Chapter_10\Problem_10_Chapter_10.vcproj", "{6F82B2ED-7BDE-484C-B56B-93502A9C5F93}"
EndProject
Global
	GlobalSection(SolutionConfigurationPlatforms) = preSolution
		Debug|Win32 = Debug|Win32
		Release|Win32 = Release|Win32
	EndGlobalSection
	GlobalSection(ProjectConfigurationPlatforms) = postSolution
		{6F82B2ED-7BDE-484C-B56B-93502A9C5F93}.Debug|Win32.ActiveCfg = Debug|Win32
		{6F82B2ED-7BDE-484C-B56B-93502A9C5F93}.Debug|Win32.Build.0 = Debug|Win32
		{6F82B2ED-7BDE-484C-B56B-93502A9C5F93}.Release|Win32.ActiveCfg = Release|Win32
		{6F82B2ED-7BDE-484C-B56B-93502A9C5F93}.Release|Win32.Build.0 = Release|Win32
	EndGlobalSection
	GlobalSection(SolutionProperties) = preSolution
		HideSolutionNode = FALSE
	EndGlobalSection
EndGlobal
