
Microsoft Visual Studio Solution File, Format Version 10.00
# Visual Studio 2008
Project("{8BC9CEB8-8B4A-11D0-8D11-00A0C91BC942}") = "Standard_Deviation_Calc", "Standard_Deviation_Calc\Standard_Deviation_Calc.vcproj", "{98A52894-0C81-44EF-90E2-94FD2EEEFF1B}"
EndProject
Global
	GlobalSection(SolutionConfigurationPlatforms) = preSolution
		Debug|Win32 = Debug|Win32
		Release|Win32 = Release|Win32
	EndGlobalSection
	GlobalSection(ProjectConfigurationPlatforms) = postSolution
		{98A52894-0C81-44EF-90E2-94FD2EEEFF1B}.Debug|Win32.ActiveCfg = Debug|Win32
		{98A52894-0C81-44EF-90E2-94FD2EEEFF1B}.Debug|Win32.Build.0 = Debug|Win32
		{98A52894-0C81-44EF-90E2-94FD2EEEFF1B}.Release|Win32.ActiveCfg = Release|Win32
		{98A52894-0C81-44EF-90E2-94FD2EEEFF1B}.Release|Win32.Build.0 = Release|Win32
	EndGlobalSection
	GlobalSection(SolutionProperties) = preSolution
		HideSolutionNode = FALSE
	EndGlobalSection
EndGlobal
