
Microsoft Visual Studio Solution File, Format Version 10.00
# Visual Studio 2008
Project("{8BC9CEB8-8B4A-11D0-8D11-00A0C91BC942}") = "Global_Local_Varaibles", "Global_Local_Varaibles\Global_Local_Varaibles.vcproj", "{813DFD88-A66D-4B46-A73D-267678FE4269}"
EndProject
Global
	GlobalSection(SolutionConfigurationPlatforms) = preSolution
		Debug|Win32 = Debug|Win32
		Release|Win32 = Release|Win32
	EndGlobalSection
	GlobalSection(ProjectConfigurationPlatforms) = postSolution
		{813DFD88-A66D-4B46-A73D-267678FE4269}.Debug|Win32.ActiveCfg = Debug|Win32
		{813DFD88-A66D-4B46-A73D-267678FE4269}.Debug|Win32.Build.0 = Debug|Win32
		{813DFD88-A66D-4B46-A73D-267678FE4269}.Release|Win32.ActiveCfg = Release|Win32
		{813DFD88-A66D-4B46-A73D-267678FE4269}.Release|Win32.Build.0 = Release|Win32
	EndGlobalSection
	GlobalSection(SolutionProperties) = preSolution
		HideSolutionNode = FALSE
	EndGlobalSection
EndGlobal
