
Microsoft Visual Studio Solution File, Format Version 10.00
# Visual C++ Express 2008
Project("{8BC9CEB8-8B4A-11D0-8D11-00A0C91BC942}") = "Problem_2_Chapter_5", "Problem_2_Chapter_5.vcproj", "{6BC728DC-E805-47EF-87F6-0DA653002B1E}"
EndProject
Global
	GlobalSection(SolutionConfigurationPlatforms) = preSolution
		Debug|Win32 = Debug|Win32
		Release|Win32 = Release|Win32
	EndGlobalSection
	GlobalSection(ProjectConfigurationPlatforms) = postSolution
		{6BC728DC-E805-47EF-87F6-0DA653002B1E}.Debug|Win32.ActiveCfg = Debug|Win32
		{6BC728DC-E805-47EF-87F6-0DA653002B1E}.Debug|Win32.Build.0 = Debug|Win32
		{6BC728DC-E805-47EF-87F6-0DA653002B1E}.Release|Win32.ActiveCfg = Release|Win32
		{6BC728DC-E805-47EF-87F6-0DA653002B1E}.Release|Win32.Build.0 = Release|Win32
	EndGlobalSection
	GlobalSection(SolutionProperties) = preSolution
		HideSolutionNode = FALSE
	EndGlobalSection
EndGlobal
