
Microsoft Visual Studio Solution File, Format Version 9.00
# Visual Studio 2005
Project("{8BC9CEB8-8B4A-11D0-8D11-00A0C91BC942}") = "Chpt_11_Problem_6", "Chpt_11_Problem_6\Chpt_11_Problem_6.vcproj", "{9895CB7E-F374-4DAC-92EF-847009A139F5}"
EndProject
Global
	GlobalSection(SolutionConfigurationPlatforms) = preSolution
		Debug|Win32 = Debug|Win32
		Release|Win32 = Release|Win32
	EndGlobalSection
	GlobalSection(ProjectConfigurationPlatforms) = postSolution
		{9895CB7E-F374-4DAC-92EF-847009A139F5}.Debug|Win32.ActiveCfg = Debug|Win32
		{9895CB7E-F374-4DAC-92EF-847009A139F5}.Debug|Win32.Build.0 = Debug|Win32
		{9895CB7E-F374-4DAC-92EF-847009A139F5}.Release|Win32.ActiveCfg = Release|Win32
		{9895CB7E-F374-4DAC-92EF-847009A139F5}.Release|Win32.Build.0 = Release|Win32
	EndGlobalSection
	GlobalSection(SolutionProperties) = preSolution
		HideSolutionNode = FALSE
	EndGlobalSection
EndGlobal
