
Microsoft Visual Studio Solution File, Format Version 10.00
# Visual C++ Express 2008
Project("{8BC9CEB8-8B4A-11D0-8D11-00A0C91BC942}") = "Book Example [Rhodium Weight] pg 50 C-Primer", "Book Example [Rhodium Weight] pg 50 C-Primer\Book Example [Rhodium Weight] pg 50 C-Primer.vcproj", "{BFA6D5C8-A6B0-4526-BC55-24EA69994C45}"
EndProject
Global
	GlobalSection(SolutionConfigurationPlatforms) = preSolution
		Debug|Win32 = Debug|Win32
		Release|Win32 = Release|Win32
	EndGlobalSection
	GlobalSection(ProjectConfigurationPlatforms) = postSolution
		{BFA6D5C8-A6B0-4526-BC55-24EA69994C45}.Debug|Win32.ActiveCfg = Debug|Win32
		{BFA6D5C8-A6B0-4526-BC55-24EA69994C45}.Debug|Win32.Build.0 = Debug|Win32
		{BFA6D5C8-A6B0-4526-BC55-24EA69994C45}.Release|Win32.ActiveCfg = Release|Win32
		{BFA6D5C8-A6B0-4526-BC55-24EA69994C45}.Release|Win32.Build.0 = Release|Win32
	EndGlobalSection
	GlobalSection(SolutionProperties) = preSolution
		HideSolutionNode = FALSE
	EndGlobalSection
EndGlobal
