
Microsoft Visual Studio Solution File, Format Version 10.00
# Visual Studio 2008
Project("{8BC9CEB8-8B4A-11D0-8D11-00A0C91BC942}") = "Pointer_Math", "Pointer_Math\Pointer_Math.vcproj", "{3B75EA54-C857-4114-A262-B616E40D51B8}"
EndProject
Global
	GlobalSection(SolutionConfigurationPlatforms) = preSolution
		Debug|Win32 = Debug|Win32
		Release|Win32 = Release|Win32
	EndGlobalSection
	GlobalSection(ProjectConfigurationPlatforms) = postSolution
		{3B75EA54-C857-4114-A262-B616E40D51B8}.Debug|Win32.ActiveCfg = Debug|Win32
		{3B75EA54-C857-4114-A262-B616E40D51B8}.Debug|Win32.Build.0 = Debug|Win32
		{3B75EA54-C857-4114-A262-B616E40D51B8}.Release|Win32.ActiveCfg = Release|Win32
		{3B75EA54-C857-4114-A262-B616E40D51B8}.Release|Win32.Build.0 = Release|Win32
	EndGlobalSection
	GlobalSection(SolutionProperties) = preSolution
		HideSolutionNode = FALSE
	EndGlobalSection
EndGlobal
