
Microsoft Visual Studio Solution File, Format Version 10.00
# Visual Studio 2008
Project("{8BC9CEB8-8B4A-11D0-8D11-00A0C91BC942}") = "Passing Arguments to a Function", "Passing Arguments to a Function\Passing Arguments to a Function.vcproj", "{E40111E6-EDD2-4493-AF2F-FD540362ED81}"
EndProject
Global
	GlobalSection(SolutionConfigurationPlatforms) = preSolution
		Debug|Win32 = Debug|Win32
		Release|Win32 = Release|Win32
	EndGlobalSection
	GlobalSection(ProjectConfigurationPlatforms) = postSolution
		{E40111E6-EDD2-4493-AF2F-FD540362ED81}.Debug|Win32.ActiveCfg = Debug|Win32
		{E40111E6-EDD2-4493-AF2F-FD540362ED81}.Debug|Win32.Build.0 = Debug|Win32
		{E40111E6-EDD2-4493-AF2F-FD540362ED81}.Release|Win32.ActiveCfg = Release|Win32
		{E40111E6-EDD2-4493-AF2F-FD540362ED81}.Release|Win32.Build.0 = Release|Win32
	EndGlobalSection
	GlobalSection(SolutionProperties) = preSolution
		HideSolutionNode = FALSE
	EndGlobalSection
EndGlobal
